
Microsoft Visual Studio Solution File, Format Version 11.00
# Visual C# Express 2010
Project("{FAE04EC0-301F-11D3-BF4B-00C04F79EFBC}") = "retrorunner2", "retrorunner2\retrorunner2\retrorunner2.csproj", "{78B44AB5-B79D-452D-AF80-E49541E05247}"
EndProject
Project("{FAE04EC0-301F-11D3-BF4B-00C04F79EFBC}") = "retrorunner2Content", "retrorunner2\retrorunner2Content\retrorunner2Content.contentproj", "{1F72C53F-A366-4BDA-8A44-43AB4A7F61F8}"
EndProject
Global
	GlobalSection(SolutionConfigurationPlatforms) = preSolution
		Debug|x86 = Debug|x86
		Release|x86 = Release|x86
	EndGlobalSection
	GlobalSection(ProjectConfigurationPlatforms) = postSolution
		{78B44AB5-B79D-452D-AF80-E49541E05247}.Debug|x86.ActiveCfg = Debug|x86
		{78B44AB5-B79D-452D-AF80-E49541E05247}.Debug|x86.Build.0 = Debug|x86
		{78B44AB5-B79D-452D-AF80-E49541E05247}.Release|x86.ActiveCfg = Release|x86
		{78B44AB5-B79D-452D-AF80-E49541E05247}.Release|x86.Build.0 = Release|x86
		{1F72C53F-A366-4BDA-8A44-43AB4A7F61F8}.Debug|x86.ActiveCfg = Debug|x86
		{1F72C53F-A366-4BDA-8A44-43AB4A7F61F8}.Release|x86.ActiveCfg = Release|x86
	EndGlobalSection
	GlobalSection(SolutionProperties) = preSolution
		HideSolutionNode = FALSE
	EndGlobalSection
EndGlobal
